{
  "name": "@geps/cgp-eslint-config",
  "version": "0.3.1",
  "lockfileVersion": 2,
  "requires": true,
  "packages": {
    "": {
      "name": "@geps/cgp-eslint-config",
      "version": "0.3.1",
      "license": "ISC",
      "dependencies": {
        "eslint-define-config": "~1.5.1",
        "lodash.merge": "~4.6.2"
      },
      "devDependencies": {
        "@types/lodash.merge": "~4.6.7"
      },
      "engines": {
        "node": ">=14"
      }
    },
    "node_modules/@types/lodash": {
      "version": "4.14.182",
      "resolved": "https://registry.npmjs.org/@types/lodash/-/lodash-4.14.182.tgz",
      "integrity": "sha512-/THyiqyQAP9AfARo4pF+aCGcyiQ94tX/Is2I7HofNRqoYLgN1PBoOWu2/zTA5zMxzP5EFutMtWtGAFRKUe961Q==",
      "dev": true
    },
    "node_modules/@types/lodash.merge": {
      "version": "4.6.7",
      "resolved": "https://registry.npmjs.org/@types/lodash.merge/-/lodash.merge-4.6.7.tgz",
      "integrity": "sha512-OwxUJ9E50gw3LnAefSHJPHaBLGEKmQBQ7CZe/xflHkyy/wH2zVyEIAKReHvVrrn7zKdF58p16We9kMfh7v0RRQ==",
      "dev": true,
      "dependencies": {
        "@types/lodash": "*"
      }
    },
    "node_modules/eslint-define-config": {
      "version": "1.5.1",
      "resolved": "https://registry.npmjs.org/eslint-define-config/-/eslint-define-config-1.5.1.tgz",
      "integrity": "sha512-6gxrmN7aKGffaO8dCtMMKyo3IxbWymMQ248p4lf8GbaFRcLsqOXHFdUhhM0Hcy1NudvnpwHcfbDf7Nh9pIm1TA==",
      "funding": [
        {
          "type": "github",
          "url": "https://github.com/Shinigami92"
        },
        {
          "type": "paypal",
          "url": "https://www.paypal.com/donate/?hosted_button_id=L7GY729FBKTZY"
        }
      ],
      "engines": {
        "node": ">= 14.6.0",
        "npm": ">= 6.0.0",
        "pnpm": ">= 7.0.0"
      }
    },
    "node_modules/lodash.merge": {
      "version": "4.6.2",
      "resolved": "https://registry.npmjs.org/lodash.merge/-/lodash.merge-4.6.2.tgz",
      "integrity": "sha512-0KpjqXRVvrYyCsX1swR/XTK0va6VQkQM6MNo7PqW77ByjAhoARA8EfrP1N4+KlKj8YS0ZUCtRT/YUuhyYDujIQ=="
    }
  },
  "dependencies": {
    "@types/lodash": {
      "version": "4.14.182",
      "resolved": "https://registry.npmjs.org/@types/lodash/-/lodash-4.14.182.tgz",
      "integrity": "sha512-/THyiqyQAP9AfARo4pF+aCGcyiQ94tX/Is2I7HofNRqoYLgN1PBoOWu2/zTA5zMxzP5EFutMtWtGAFRKUe961Q==",
      "dev": true
    },
    "@types/lodash.merge": {
      "version": "4.6.7",
      "resolved": "https://registry.npmjs.org/@types/lodash.merge/-/lodash.merge-4.6.7.tgz",
      "integrity": "sha512-OwxUJ9E50gw3LnAefSHJPHaBLGEKmQBQ7CZe/xflHkyy/wH2zVyEIAKReHvVrrn7zKdF58p16We9kMfh7v0RRQ==",
      "dev": true,
      "requires": {
        "@types/lodash": "*"
      }
    },
    "eslint-define-config": {
      "version": "1.5.1",
      "resolved": "https://registry.npmjs.org/eslint-define-config/-/eslint-define-config-1.5.1.tgz",
      "integrity": "sha512-6gxrmN7aKGffaO8dCtMMKyo3IxbWymMQ248p4lf8GbaFRcLsqOXHFdUhhM0Hcy1NudvnpwHcfbDf7Nh9pIm1TA=="
    },
    "lodash.merge": {
      "version": "4.6.2",
      "resolved": "https://registry.npmjs.org/lodash.merge/-/lodash.merge-4.6.2.tgz",
      "integrity": "sha512-0KpjqXRVvrYyCsX1swR/XTK0va6VQkQM6MNo7PqW77ByjAhoARA8EfrP1N4+KlKj8YS0ZUCtRT/YUuhyYDujIQ=="
    }
  }
}
